
Microsoft Visual Studio Solution File, Format Version 12.00
# Visual Studio Version 16
VisualStudioVersion = 16.0.30413.136
MinimumVisualStudioVersion = 10.0.40219.1
Project("{9A19103F-16F7-4668-BE54-9A1E7A4F7556}") = "DublaPlay", "DublaPlay\DublaPlay.csproj", "{0190207F-6588-4237-9981-E4AEB3E54EFB}"
EndProject
Project("{9A19103F-16F7-4668-BE54-9A1E7A4F7556}") = "Service", "Service\Service.csproj", "{0582FC48-006C-4436-8E0B-14BE58BFDDFC}"
EndProject
Project("{9A19103F-16F7-4668-BE54-9A1E7A4F7556}") = "Repository", "Repository\Repository.csproj", "{BF7570A1-9EC4-4B47-BE23-2E0124D93C97}"
EndProject
Global
	GlobalSection(SolutionConfigurationPlatforms) = preSolution
		Debug|Any CPU = Debug|Any CPU
		Release|Any CPU = Release|Any CPU
	EndGlobalSection
	GlobalSection(ProjectConfigurationPlatforms) = postSolution
		{0190207F-6588-4237-9981-E4AEB3E54EFB}.Debug|Any CPU.ActiveCfg = Debug|Any CPU
		{0190207F-6588-4237-9981-E4AEB3E54EFB}.Debug|Any CPU.Build.0 = Debug|Any CPU
		{0190207F-6588-4237-9981-E4AEB3E54EFB}.Release|Any CPU.ActiveCfg = Release|Any CPU
		{0190207F-6588-4237-9981-E4AEB3E54EFB}.Release|Any CPU.Build.0 = Release|Any CPU
		{0582FC48-006C-4436-8E0B-14BE58BFDDFC}.Debug|Any CPU.ActiveCfg = Debug|Any CPU
		{0582FC48-006C-4436-8E0B-14BE58BFDDFC}.Debug|Any CPU.Build.0 = Debug|Any CPU
		{0582FC48-006C-4436-8E0B-14BE58BFDDFC}.Release|Any CPU.ActiveCfg = Release|Any CPU
		{0582FC48-006C-4436-8E0B-14BE58BFDDFC}.Release|Any CPU.Build.0 = Release|Any CPU
		{BF7570A1-9EC4-4B47-BE23-2E0124D93C97}.Debug|Any CPU.ActiveCfg = Debug|Any CPU
		{BF7570A1-9EC4-4B47-BE23-2E0124D93C97}.Debug|Any CPU.Build.0 = Debug|Any CPU
		{BF7570A1-9EC4-4B47-BE23-2E0124D93C97}.Release|Any CPU.ActiveCfg = Release|Any CPU
		{BF7570A1-9EC4-4B47-BE23-2E0124D93C97}.Release|Any CPU.Build.0 = Release|Any CPU
	EndGlobalSection
	GlobalSection(SolutionProperties) = preSolution
		HideSolutionNode = FALSE
	EndGlobalSection
	GlobalSection(ExtensibilityGlobals) = postSolution
		SolutionGuid = {9079FA32-237F-4532-B481-2E80B8F0593C}
	EndGlobalSection
EndGlobal
